
Microsoft Visual Studio Solution File, Format Version 12.00
# Visual Studio Version 16
VisualStudioVersion = 25.0.1706.0
MinimumVisualStudioVersion = 10.0.40219.1
Project("{FAE04EC0-301F-11D3-BF4B-00C04F79EFBC}") = "Maui.Dogfood.Cli", "src\Maui.Dogfood.Cli\Maui.Dogfood.Cli.csproj", "{A91637D3-58FB-4AAF-AB26-80A6BDFB113F}"
EndProject
Project("{FAE04EC0-301F-11D3-BF4B-00C04F79EFBC}") = "Maui.Dogfood.Feeder", "src\Maui.Dogfood.Feeder\Maui.Dogfood.Feeder.csproj", "{7D350962-C14B-458A-A798-5F1AABDDBBB2}"
EndProject
Project("{FAE04EC0-301F-11D3-BF4B-00C04F79EFBC}") = "Maui.Dogfood.Desktop", "src\Maui.Dogfood.Desktop\Maui.Dogfood.Desktop.csproj", "{B10195ED-0422-4D10-89BD-BDD84E482551}"
EndProject
Global
	GlobalSection(SolutionConfigurationPlatforms) = preSolution
		Debug|Any CPU = Debug|Any CPU
		Release|Any CPU = Release|Any CPU
	EndGlobalSection
	GlobalSection(ProjectConfigurationPlatforms) = postSolution
		{A91637D3-58FB-4AAF-AB26-80A6BDFB113F}.Debug|Any CPU.ActiveCfg = Debug|Any CPU
		{A91637D3-58FB-4AAF-AB26-80A6BDFB113F}.Debug|Any CPU.Build.0 = Debug|Any CPU
		{A91637D3-58FB-4AAF-AB26-80A6BDFB113F}.Release|Any CPU.ActiveCfg = Release|Any CPU
		{A91637D3-58FB-4AAF-AB26-80A6BDFB113F}.Release|Any CPU.Build.0 = Release|Any CPU
		{7D350962-C14B-458A-A798-5F1AABDDBBB2}.Debug|Any CPU.ActiveCfg = Debug|Any CPU
		{7D350962-C14B-458A-A798-5F1AABDDBBB2}.Debug|Any CPU.Build.0 = Debug|Any CPU
		{7D350962-C14B-458A-A798-5F1AABDDBBB2}.Release|Any CPU.ActiveCfg = Release|Any CPU
		{7D350962-C14B-458A-A798-5F1AABDDBBB2}.Release|Any CPU.Build.0 = Release|Any CPU
		{B10195ED-0422-4D10-89BD-BDD84E482551}.Debug|Any CPU.ActiveCfg = Debug|Any CPU
		{B10195ED-0422-4D10-89BD-BDD84E482551}.Debug|Any CPU.Build.0 = Debug|Any CPU
		{B10195ED-0422-4D10-89BD-BDD84E482551}.Release|Any CPU.ActiveCfg = Release|Any CPU
		{B10195ED-0422-4D10-89BD-BDD84E482551}.Release|Any CPU.Build.0 = Release|Any CPU
	EndGlobalSection
	GlobalSection(SolutionProperties) = preSolution
		HideSolutionNode = FALSE
	EndGlobalSection
	GlobalSection(ExtensibilityGlobals) = postSolution
		SolutionGuid = {E5F3AC86-CBBD-493F-B87F-DD6653C1AD4F}
	EndGlobalSection
EndGlobal
